
Microsoft Visual Studio Solution File, Format Version 12.00
# Visual Studio Version 17
VisualStudioVersion = 17.5.002.0
MinimumVisualStudioVersion = 10.0.40219.1
Project("{9A19103F-16F7-4668-BE54-9A1E7A4F7556}") = "ClassExercise1", "ClassExercise1.csproj", "{FEACCF6D-E571-4535-A038-C16FBF9BDD76}"
EndProject
Global
	GlobalSection(SolutionConfigurationPlatforms) = preSolution
		Debug|Any CPU = Debug|Any CPU
		Release|Any CPU = Release|Any CPU
	EndGlobalSection
	GlobalSection(ProjectConfigurationPlatforms) = postSolution
		{FEACCF6D-E571-4535-A038-C16FBF9BDD76}.Debug|Any CPU.ActiveCfg = Debug|Any CPU
		{FEACCF6D-E571-4535-A038-C16FBF9BDD76}.Debug|Any CPU.Build.0 = Debug|Any CPU
		{FEACCF6D-E571-4535-A038-C16FBF9BDD76}.Release|Any CPU.ActiveCfg = Release|Any CPU
		{FEACCF6D-E571-4535-A038-C16FBF9BDD76}.Release|Any CPU.Build.0 = Release|Any CPU
	EndGlobalSection
	GlobalSection(SolutionProperties) = preSolution
		HideSolutionNode = FALSE
	EndGlobalSection
	GlobalSection(ExtensibilityGlobals) = postSolution
		SolutionGuid = {7DF6CA8C-021E-44D2-835E-7244FF47A1F6}
	EndGlobalSection
EndGlobal
